
Microsoft Visual Studio Solution File, Format Version 12.00
# Visual Studio Version 17
VisualStudioVersion = 17.0.31612.314
MinimumVisualStudioVersion = 10.0.40219.1
Project("{FAE04EC0-301F-11D3-BF4B-00C04F79EFBC}") = "practica1", "practica1\practica1.csproj", "{A52EED68-F13D-4EE5-8EFB-E36C10E2DBE0}"
EndProject
Global
	GlobalSection(SolutionConfigurationPlatforms) = preSolution
		Debug|Any CPU = Debug|Any CPU
		Release|Any CPU = Release|Any CPU
	EndGlobalSection
	GlobalSection(ProjectConfigurationPlatforms) = postSolution
		{A52EED68-F13D-4EE5-8EFB-E36C10E2DBE0}.Debug|Any CPU.ActiveCfg = Debug|Any CPU
		{A52EED68-F13D-4EE5-8EFB-E36C10E2DBE0}.Debug|Any CPU.Build.0 = Debug|Any CPU
		{A52EED68-F13D-4EE5-8EFB-E36C10E2DBE0}.Release|Any CPU.ActiveCfg = Release|Any CPU
		{A52EED68-F13D-4EE5-8EFB-E36C10E2DBE0}.Release|Any CPU.Build.0 = Release|Any CPU
	EndGlobalSection
	GlobalSection(SolutionProperties) = preSolution
		HideSolutionNode = FALSE
	EndGlobalSection
	GlobalSection(ExtensibilityGlobals) = postSolution
		SolutionGuid = {45507374-6EC9-4620-9794-F8B637490781}
	EndGlobalSection
EndGlobal
